
Microsoft Visual Studio Solution File, Format Version 12.00
# Visual Studio Version 16
VisualStudioVersion = 16.0.30413.136
MinimumVisualStudioVersion = 10.0.40219.1
Project("{FAE04EC0-301F-11D3-BF4B-00C04F79EFBC}") = "ClaseNumero2", "ClaseNumero2\ClaseNumero2.csproj", "{159BDB44-CCD5-41B7-8995-DC47EA2E1634}"
EndProject
Project("{FAE04EC0-301F-11D3-BF4B-00C04F79EFBC}") = "Biblioteca", "Biblioteca\Biblioteca.csproj", "{8ED444BA-6713-4927-83F5-88C184888ACA}"
EndProject
Global
	GlobalSection(SolutionConfigurationPlatforms) = preSolution
		Debug|Any CPU = Debug|Any CPU
		Release|Any CPU = Release|Any CPU
	EndGlobalSection
	GlobalSection(ProjectConfigurationPlatforms) = postSolution
		{159BDB44-CCD5-41B7-8995-DC47EA2E1634}.Debug|Any CPU.ActiveCfg = Debug|Any CPU
		{159BDB44-CCD5-41B7-8995-DC47EA2E1634}.Debug|Any CPU.Build.0 = Debug|Any CPU
		{159BDB44-CCD5-41B7-8995-DC47EA2E1634}.Release|Any CPU.ActiveCfg = Release|Any CPU
		{159BDB44-CCD5-41B7-8995-DC47EA2E1634}.Release|Any CPU.Build.0 = Release|Any CPU
		{8ED444BA-6713-4927-83F5-88C184888ACA}.Debug|Any CPU.ActiveCfg = Debug|Any CPU
		{8ED444BA-6713-4927-83F5-88C184888ACA}.Debug|Any CPU.Build.0 = Debug|Any CPU
		{8ED444BA-6713-4927-83F5-88C184888ACA}.Release|Any CPU.ActiveCfg = Release|Any CPU
		{8ED444BA-6713-4927-83F5-88C184888ACA}.Release|Any CPU.Build.0 = Release|Any CPU
	EndGlobalSection
	GlobalSection(SolutionProperties) = preSolution
		HideSolutionNode = FALSE
	EndGlobalSection
	GlobalSection(ExtensibilityGlobals) = postSolution
		SolutionGuid = {1B8BDD12-AB2A-4018-827F-D5A50E472AF7}
	EndGlobalSection
EndGlobal
