
Microsoft Visual Studio Solution File, Format Version 12.00
# Visual Studio Version 16
VisualStudioVersion = 16.0.30503.244
MinimumVisualStudioVersion = 10.0.40219.1
Project("{FAE04EC0-301F-11D3-BF4B-00C04F79EFBC}") = "Ejercicio_N34", "Ejercicio_N34\Ejercicio_N34.csproj", "{3A14E522-8F12-4BC8-8AE4-706D3283161E}"
EndProject
Project("{FAE04EC0-301F-11D3-BF4B-00C04F79EFBC}") = "Biblioteca", "Biblioteca\Biblioteca.csproj", "{D224D3A6-D49F-4B57-96F4-A184D21CE953}"
EndProject
Global
	GlobalSection(SolutionConfigurationPlatforms) = preSolution
		Debug|Any CPU = Debug|Any CPU
		Release|Any CPU = Release|Any CPU
	EndGlobalSection
	GlobalSection(ProjectConfigurationPlatforms) = postSolution
		{3A14E522-8F12-4BC8-8AE4-706D3283161E}.Debug|Any CPU.ActiveCfg = Debug|Any CPU
		{3A14E522-8F12-4BC8-8AE4-706D3283161E}.Debug|Any CPU.Build.0 = Debug|Any CPU
		{3A14E522-8F12-4BC8-8AE4-706D3283161E}.Release|Any CPU.ActiveCfg = Release|Any CPU
		{3A14E522-8F12-4BC8-8AE4-706D3283161E}.Release|Any CPU.Build.0 = Release|Any CPU
		{D224D3A6-D49F-4B57-96F4-A184D21CE953}.Debug|Any CPU.ActiveCfg = Debug|Any CPU
		{D224D3A6-D49F-4B57-96F4-A184D21CE953}.Debug|Any CPU.Build.0 = Debug|Any CPU
		{D224D3A6-D49F-4B57-96F4-A184D21CE953}.Release|Any CPU.ActiveCfg = Release|Any CPU
		{D224D3A6-D49F-4B57-96F4-A184D21CE953}.Release|Any CPU.Build.0 = Release|Any CPU
	EndGlobalSection
	GlobalSection(SolutionProperties) = preSolution
		HideSolutionNode = FALSE
	EndGlobalSection
	GlobalSection(ExtensibilityGlobals) = postSolution
		SolutionGuid = {90184962-7357-40DF-879C-6A2B723B43EB}
	EndGlobalSection
EndGlobal
