
Microsoft Visual Studio Solution File, Format Version 12.00
# Visual Studio Version 16
VisualStudioVersion = 16.0.30611.23
MinimumVisualStudioVersion = 10.0.40219.1
Project("{FAE04EC0-301F-11D3-BF4B-00C04F79EFBC}") = "Ejercicio_N42", "Ejercicio_N42\Ejercicio_N42.csproj", "{FC242E00-DF81-45FF-9D04-34E652C9495C}"
EndProject
Project("{FAE04EC0-301F-11D3-BF4B-00C04F79EFBC}") = "Biblioteca", "Biblioteca\Biblioteca.csproj", "{E12318A5-741E-444F-8E93-4508E0A41328}"
EndProject
Global
	GlobalSection(SolutionConfigurationPlatforms) = preSolution
		Debug|Any CPU = Debug|Any CPU
		Release|Any CPU = Release|Any CPU
	EndGlobalSection
	GlobalSection(ProjectConfigurationPlatforms) = postSolution
		{FC242E00-DF81-45FF-9D04-34E652C9495C}.Debug|Any CPU.ActiveCfg = Debug|Any CPU
		{FC242E00-DF81-45FF-9D04-34E652C9495C}.Debug|Any CPU.Build.0 = Debug|Any CPU
		{FC242E00-DF81-45FF-9D04-34E652C9495C}.Release|Any CPU.ActiveCfg = Release|Any CPU
		{FC242E00-DF81-45FF-9D04-34E652C9495C}.Release|Any CPU.Build.0 = Release|Any CPU
		{E12318A5-741E-444F-8E93-4508E0A41328}.Debug|Any CPU.ActiveCfg = Debug|Any CPU
		{E12318A5-741E-444F-8E93-4508E0A41328}.Debug|Any CPU.Build.0 = Debug|Any CPU
		{E12318A5-741E-444F-8E93-4508E0A41328}.Release|Any CPU.ActiveCfg = Release|Any CPU
		{E12318A5-741E-444F-8E93-4508E0A41328}.Release|Any CPU.Build.0 = Release|Any CPU
	EndGlobalSection
	GlobalSection(SolutionProperties) = preSolution
		HideSolutionNode = FALSE
	EndGlobalSection
	GlobalSection(ExtensibilityGlobals) = postSolution
		SolutionGuid = {42F9140D-5A93-4E61-97E6-26F379E88778}
	EndGlobalSection
EndGlobal
