
Microsoft Visual Studio Solution File, Format Version 12.00
# Visual Studio Version 16
VisualStudioVersion = 16.0.30413.136
MinimumVisualStudioVersion = 10.0.40219.1
Project("{FAE04EC0-301F-11D3-BF4B-00C04F79EFBC}") = "Ejercicio_N21", "Ejercicio_N21\Ejercicio_N21.csproj", "{45344AE7-8D39-400F-87F7-799C523BDC02}"
EndProject
Project("{FAE04EC0-301F-11D3-BF4B-00C04F79EFBC}") = "Temperatura", "Temperatura\Temperatura.csproj", "{52BA0ED5-781B-4BC9-95C5-24FB2ED0B3EF}"
EndProject
Global
	GlobalSection(SolutionConfigurationPlatforms) = preSolution
		Debug|Any CPU = Debug|Any CPU
		Release|Any CPU = Release|Any CPU
	EndGlobalSection
	GlobalSection(ProjectConfigurationPlatforms) = postSolution
		{45344AE7-8D39-400F-87F7-799C523BDC02}.Debug|Any CPU.ActiveCfg = Debug|Any CPU
		{45344AE7-8D39-400F-87F7-799C523BDC02}.Debug|Any CPU.Build.0 = Debug|Any CPU
		{45344AE7-8D39-400F-87F7-799C523BDC02}.Release|Any CPU.ActiveCfg = Release|Any CPU
		{45344AE7-8D39-400F-87F7-799C523BDC02}.Release|Any CPU.Build.0 = Release|Any CPU
		{52BA0ED5-781B-4BC9-95C5-24FB2ED0B3EF}.Debug|Any CPU.ActiveCfg = Debug|Any CPU
		{52BA0ED5-781B-4BC9-95C5-24FB2ED0B3EF}.Debug|Any CPU.Build.0 = Debug|Any CPU
		{52BA0ED5-781B-4BC9-95C5-24FB2ED0B3EF}.Release|Any CPU.ActiveCfg = Release|Any CPU
		{52BA0ED5-781B-4BC9-95C5-24FB2ED0B3EF}.Release|Any CPU.Build.0 = Release|Any CPU
	EndGlobalSection
	GlobalSection(SolutionProperties) = preSolution
		HideSolutionNode = FALSE
	EndGlobalSection
	GlobalSection(ExtensibilityGlobals) = postSolution
		SolutionGuid = {389B5F65-B9EE-4ED8-A022-26F5F88F5B8B}
	EndGlobalSection
EndGlobal
