
Microsoft Visual Studio Solution File, Format Version 12.00
# Visual Studio Version 16
VisualStudioVersion = 16.0.30503.244
MinimumVisualStudioVersion = 10.0.40219.1
Project("{FAE04EC0-301F-11D3-BF4B-00C04F79EFBC}") = "Ejercicio_N30", "Ejercicio_N30\Ejercicio_N30.csproj", "{0886472B-F596-425B-9205-5EE6034F649C}"
EndProject
Project("{FAE04EC0-301F-11D3-BF4B-00C04F79EFBC}") = "Biblioteca", "Biblioteca\Biblioteca.csproj", "{2E0B938F-44F7-4F4E-8838-29D2342B90EC}"
EndProject
Global
	GlobalSection(SolutionConfigurationPlatforms) = preSolution
		Debug|Any CPU = Debug|Any CPU
		Release|Any CPU = Release|Any CPU
	EndGlobalSection
	GlobalSection(ProjectConfigurationPlatforms) = postSolution
		{0886472B-F596-425B-9205-5EE6034F649C}.Debug|Any CPU.ActiveCfg = Debug|Any CPU
		{0886472B-F596-425B-9205-5EE6034F649C}.Debug|Any CPU.Build.0 = Debug|Any CPU
		{0886472B-F596-425B-9205-5EE6034F649C}.Release|Any CPU.ActiveCfg = Release|Any CPU
		{0886472B-F596-425B-9205-5EE6034F649C}.Release|Any CPU.Build.0 = Release|Any CPU
		{2E0B938F-44F7-4F4E-8838-29D2342B90EC}.Debug|Any CPU.ActiveCfg = Debug|Any CPU
		{2E0B938F-44F7-4F4E-8838-29D2342B90EC}.Debug|Any CPU.Build.0 = Debug|Any CPU
		{2E0B938F-44F7-4F4E-8838-29D2342B90EC}.Release|Any CPU.ActiveCfg = Release|Any CPU
		{2E0B938F-44F7-4F4E-8838-29D2342B90EC}.Release|Any CPU.Build.0 = Release|Any CPU
	EndGlobalSection
	GlobalSection(SolutionProperties) = preSolution
		HideSolutionNode = FALSE
	EndGlobalSection
	GlobalSection(ExtensibilityGlobals) = postSolution
		SolutionGuid = {C0AC2E46-CAAE-4157-8B97-D80321EACA2F}
	EndGlobalSection
EndGlobal
