
Microsoft Visual Studio Solution File, Format Version 12.00
# Visual Studio Version 16
VisualStudioVersion = 16.0.30503.244
MinimumVisualStudioVersion = 10.0.40219.1
Project("{FAE04EC0-301F-11D3-BF4B-00C04F79EFBC}") = "Ejercicio_N30", "Ejercicio_N30\Ejercicio_N30.csproj", "{0886472B-F596-425B-9205-5EE6034F649C}"
EndProject
Project("{FAE04EC0-301F-11D3-BF4B-00C04F79EFBC}") = "Biblioteca", "..\Ejercicio_N29\Biblioteca\Biblioteca.csproj", "{0FCA0701-1FF6-4746-BB3B-ADEAD0F6084C}"
EndProject
Global
	GlobalSection(SolutionConfigurationPlatforms) = preSolution
		Debug|Any CPU = Debug|Any CPU
		Release|Any CPU = Release|Any CPU
	EndGlobalSection
	GlobalSection(ProjectConfigurationPlatforms) = postSolution
		{0886472B-F596-425B-9205-5EE6034F649C}.Debug|Any CPU.ActiveCfg = Debug|Any CPU
		{0886472B-F596-425B-9205-5EE6034F649C}.Debug|Any CPU.Build.0 = Debug|Any CPU
		{0886472B-F596-425B-9205-5EE6034F649C}.Release|Any CPU.ActiveCfg = Release|Any CPU
		{0886472B-F596-425B-9205-5EE6034F649C}.Release|Any CPU.Build.0 = Release|Any CPU
		{0FCA0701-1FF6-4746-BB3B-ADEAD0F6084C}.Debug|Any CPU.ActiveCfg = Debug|Any CPU
		{0FCA0701-1FF6-4746-BB3B-ADEAD0F6084C}.Debug|Any CPU.Build.0 = Debug|Any CPU
		{0FCA0701-1FF6-4746-BB3B-ADEAD0F6084C}.Release|Any CPU.ActiveCfg = Release|Any CPU
		{0FCA0701-1FF6-4746-BB3B-ADEAD0F6084C}.Release|Any CPU.Build.0 = Release|Any CPU
	EndGlobalSection
	GlobalSection(SolutionProperties) = preSolution
		HideSolutionNode = FALSE
	EndGlobalSection
	GlobalSection(ExtensibilityGlobals) = postSolution
		SolutionGuid = {C0AC2E46-CAAE-4157-8B97-D80321EACA2F}
	EndGlobalSection
EndGlobal
