
Microsoft Visual Studio Solution File, Format Version 12.00
# Visual Studio Version 16
VisualStudioVersion = 16.0.30413.136
MinimumVisualStudioVersion = 10.0.40219.1
Project("{FAE04EC0-301F-11D3-BF4B-00C04F79EFBC}") = "Ejercicio_N23", "Ejercicio_N23\Ejercicio_N23.csproj", "{2244A829-EFDE-404E-882A-924B8DCCF5F1}"
EndProject
Project("{FAE04EC0-301F-11D3-BF4B-00C04F79EFBC}") = "Billetes", "..\Ejercicio_N20\Billetes\Billetes.csproj", "{8AF78F18-EB0B-4D79-BBCB-C125A6FB4F81}"
EndProject
Global
	GlobalSection(SolutionConfigurationPlatforms) = preSolution
		Debug|Any CPU = Debug|Any CPU
		Release|Any CPU = Release|Any CPU
	EndGlobalSection
	GlobalSection(ProjectConfigurationPlatforms) = postSolution
		{2244A829-EFDE-404E-882A-924B8DCCF5F1}.Debug|Any CPU.ActiveCfg = Debug|Any CPU
		{2244A829-EFDE-404E-882A-924B8DCCF5F1}.Debug|Any CPU.Build.0 = Debug|Any CPU
		{2244A829-EFDE-404E-882A-924B8DCCF5F1}.Release|Any CPU.ActiveCfg = Release|Any CPU
		{2244A829-EFDE-404E-882A-924B8DCCF5F1}.Release|Any CPU.Build.0 = Release|Any CPU
		{8AF78F18-EB0B-4D79-BBCB-C125A6FB4F81}.Debug|Any CPU.ActiveCfg = Debug|Any CPU
		{8AF78F18-EB0B-4D79-BBCB-C125A6FB4F81}.Debug|Any CPU.Build.0 = Debug|Any CPU
		{8AF78F18-EB0B-4D79-BBCB-C125A6FB4F81}.Release|Any CPU.ActiveCfg = Release|Any CPU
		{8AF78F18-EB0B-4D79-BBCB-C125A6FB4F81}.Release|Any CPU.Build.0 = Release|Any CPU
	EndGlobalSection
	GlobalSection(SolutionProperties) = preSolution
		HideSolutionNode = FALSE
	EndGlobalSection
	GlobalSection(ExtensibilityGlobals) = postSolution
		SolutionGuid = {4B66863A-D038-4860-AF77-32B9981AF3CD}
	EndGlobalSection
EndGlobal
