
Microsoft Visual Studio Solution File, Format Version 12.00
# Visual Studio Version 16
VisualStudioVersion = 16.0.30503.244
MinimumVisualStudioVersion = 10.0.40219.1
Project("{FAE04EC0-301F-11D3-BF4B-00C04F79EFBC}") = "Ejercicio_N35", "Ejercicio_N35\Ejercicio_N35.csproj", "{F3DE2F79-0842-423E-8439-BFB6783143D2}"
EndProject
Project("{FAE04EC0-301F-11D3-BF4B-00C04F79EFBC}") = "Biblioteca", "Biblioteca\Biblioteca.csproj", "{0FFDD7AD-5532-446E-93FA-B88F80460869}"
EndProject
Global
	GlobalSection(SolutionConfigurationPlatforms) = preSolution
		Debug|Any CPU = Debug|Any CPU
		Release|Any CPU = Release|Any CPU
	EndGlobalSection
	GlobalSection(ProjectConfigurationPlatforms) = postSolution
		{F3DE2F79-0842-423E-8439-BFB6783143D2}.Debug|Any CPU.ActiveCfg = Debug|Any CPU
		{F3DE2F79-0842-423E-8439-BFB6783143D2}.Debug|Any CPU.Build.0 = Debug|Any CPU
		{F3DE2F79-0842-423E-8439-BFB6783143D2}.Release|Any CPU.ActiveCfg = Release|Any CPU
		{F3DE2F79-0842-423E-8439-BFB6783143D2}.Release|Any CPU.Build.0 = Release|Any CPU
		{0FFDD7AD-5532-446E-93FA-B88F80460869}.Debug|Any CPU.ActiveCfg = Debug|Any CPU
		{0FFDD7AD-5532-446E-93FA-B88F80460869}.Debug|Any CPU.Build.0 = Debug|Any CPU
		{0FFDD7AD-5532-446E-93FA-B88F80460869}.Release|Any CPU.ActiveCfg = Release|Any CPU
		{0FFDD7AD-5532-446E-93FA-B88F80460869}.Release|Any CPU.Build.0 = Release|Any CPU
	EndGlobalSection
	GlobalSection(SolutionProperties) = preSolution
		HideSolutionNode = FALSE
	EndGlobalSection
	GlobalSection(ExtensibilityGlobals) = postSolution
		SolutionGuid = {544AD529-A86F-44D8-AB09-9508E35B0360}
	EndGlobalSection
EndGlobal
