
Microsoft Visual Studio Solution File, Format Version 12.00
# Visual Studio Version 16
VisualStudioVersion = 16.0.30503.244
MinimumVisualStudioVersion = 10.0.40219.1
Project("{FAE04EC0-301F-11D3-BF4B-00C04F79EFBC}") = "Ejercicio_N26", "Ejercicio_N26\Ejercicio_N26.csproj", "{B3A14D1C-2724-416A-9339-233B678E304C}"
EndProject
Global
	GlobalSection(SolutionConfigurationPlatforms) = preSolution
		Debug|Any CPU = Debug|Any CPU
		Release|Any CPU = Release|Any CPU
	EndGlobalSection
	GlobalSection(ProjectConfigurationPlatforms) = postSolution
		{B3A14D1C-2724-416A-9339-233B678E304C}.Debug|Any CPU.ActiveCfg = Debug|Any CPU
		{B3A14D1C-2724-416A-9339-233B678E304C}.Debug|Any CPU.Build.0 = Debug|Any CPU
		{B3A14D1C-2724-416A-9339-233B678E304C}.Release|Any CPU.ActiveCfg = Release|Any CPU
		{B3A14D1C-2724-416A-9339-233B678E304C}.Release|Any CPU.Build.0 = Release|Any CPU
	EndGlobalSection
	GlobalSection(SolutionProperties) = preSolution
		HideSolutionNode = FALSE
	EndGlobalSection
	GlobalSection(ExtensibilityGlobals) = postSolution
		SolutionGuid = {B1F09A95-8BF3-4EDD-8C07-179225EED144}
	EndGlobalSection
EndGlobal
